
Microsoft Visual Studio Solution File, Format Version 12.00
# Visual Studio Version 17
VisualStudioVersion = 17.3.32922.545
MinimumVisualStudioVersion = 10.0.40219.1
Project("{8BC9CEB8-8B4A-11D0-8D11-00A0C91BC942}") = "vocabularylib", "vocabularylib\vocabularylib.vcxproj", "{17B5A786-8F8C-41AB-9332-7136C907D7C5}"
EndProject
Project("{8BC9CEB8-8B4A-11D0-8D11-00A0C91BC942}") = "compile", "compile\compile.vcxproj", "{0966B4B6-FD36-453A-A1C5-FA7C8BDE506A}"
EndProject
Project("{8BC9CEB8-8B4A-11D0-8D11-00A0C91BC942}") = "UnitTest1", "UnitTest1\UnitTest1.vcxproj", "{BBE4747F-A118-4C15-A531-AA6345F4043B}"
EndProject
Global
	GlobalSection(SolutionConfigurationPlatforms) = preSolution
		Debug|x64 = Debug|x64
		Debug|x86 = Debug|x86
		Release|x64 = Release|x64
		Release|x86 = Release|x86
	EndGlobalSection
	GlobalSection(ProjectConfigurationPlatforms) = postSolution
		{17B5A786-8F8C-41AB-9332-7136C907D7C5}.Debug|x64.ActiveCfg = Debug|x64
		{17B5A786-8F8C-41AB-9332-7136C907D7C5}.Debug|x64.Build.0 = Debug|x64
		{17B5A786-8F8C-41AB-9332-7136C907D7C5}.Debug|x86.ActiveCfg = Debug|Win32
		{17B5A786-8F8C-41AB-9332-7136C907D7C5}.Debug|x86.Build.0 = Debug|Win32
		{17B5A786-8F8C-41AB-9332-7136C907D7C5}.Release|x64.ActiveCfg = Release|x64
		{17B5A786-8F8C-41AB-9332-7136C907D7C5}.Release|x64.Build.0 = Release|x64
		{17B5A786-8F8C-41AB-9332-7136C907D7C5}.Release|x86.ActiveCfg = Release|Win32
		{17B5A786-8F8C-41AB-9332-7136C907D7C5}.Release|x86.Build.0 = Release|Win32
		{0966B4B6-FD36-453A-A1C5-FA7C8BDE506A}.Debug|x64.ActiveCfg = Debug|x64
		{0966B4B6-FD36-453A-A1C5-FA7C8BDE506A}.Debug|x64.Build.0 = Debug|x64
		{0966B4B6-FD36-453A-A1C5-FA7C8BDE506A}.Debug|x86.ActiveCfg = Debug|Win32
		{0966B4B6-FD36-453A-A1C5-FA7C8BDE506A}.Debug|x86.Build.0 = Debug|Win32
		{0966B4B6-FD36-453A-A1C5-FA7C8BDE506A}.Release|x64.ActiveCfg = Release|x64
		{0966B4B6-FD36-453A-A1C5-FA7C8BDE506A}.Release|x64.Build.0 = Release|x64
		{0966B4B6-FD36-453A-A1C5-FA7C8BDE506A}.Release|x86.ActiveCfg = Release|Win32
		{0966B4B6-FD36-453A-A1C5-FA7C8BDE506A}.Release|x86.Build.0 = Release|Win32
		{BBE4747F-A118-4C15-A531-AA6345F4043B}.Debug|x64.ActiveCfg = Debug|x64
		{BBE4747F-A118-4C15-A531-AA6345F4043B}.Debug|x64.Build.0 = Debug|x64
		{BBE4747F-A118-4C15-A531-AA6345F4043B}.Debug|x86.ActiveCfg = Debug|Win32
		{BBE4747F-A118-4C15-A531-AA6345F4043B}.Debug|x86.Build.0 = Debug|Win32
		{BBE4747F-A118-4C15-A531-AA6345F4043B}.Release|x64.ActiveCfg = Release|x64
		{BBE4747F-A118-4C15-A531-AA6345F4043B}.Release|x64.Build.0 = Release|x64
		{BBE4747F-A118-4C15-A531-AA6345F4043B}.Release|x86.ActiveCfg = Release|Win32
		{BBE4747F-A118-4C15-A531-AA6345F4043B}.Release|x86.Build.0 = Release|Win32
	EndGlobalSection
	GlobalSection(SolutionProperties) = preSolution
		HideSolutionNode = FALSE
	EndGlobalSection
	GlobalSection(ExtensibilityGlobals) = postSolution
		SolutionGuid = {1746589C-E7D2-4A91-9A19-6D8130BE9AAA}
	EndGlobalSection
EndGlobal
